
Microsoft Visual Studio Solution File, Format Version 12.00
# Visual Studio Version 17
VisualStudioVersion = 17.14.36414.22 d17.14
MinimumVisualStudioVersion = 10.0.40219.1
Project("{8BC9CEB8-8B4A-11D0-8D11-00A0C91BC942}") = "chap07", "chap07\chap07.vcxproj", "{EEEA2173-4CE3-4759-9F0A-15177350731B}"
EndProject
Global
	GlobalSection(SolutionConfigurationPlatforms) = preSolution
		Debug|x64 = Debug|x64
		Debug|x86 = Debug|x86
		Release|x64 = Release|x64
		Release|x86 = Release|x86
	EndGlobalSection
	GlobalSection(ProjectConfigurationPlatforms) = postSolution
		{EEEA2173-4CE3-4759-9F0A-15177350731B}.Debug|x64.ActiveCfg = Debug|x64
		{EEEA2173-4CE3-4759-9F0A-15177350731B}.Debug|x64.Build.0 = Debug|x64
		{EEEA2173-4CE3-4759-9F0A-15177350731B}.Debug|x86.ActiveCfg = Debug|Win32
		{EEEA2173-4CE3-4759-9F0A-15177350731B}.Debug|x86.Build.0 = Debug|Win32
		{EEEA2173-4CE3-4759-9F0A-15177350731B}.Release|x64.ActiveCfg = Release|x64
		{EEEA2173-4CE3-4759-9F0A-15177350731B}.Release|x64.Build.0 = Release|x64
		{EEEA2173-4CE3-4759-9F0A-15177350731B}.Release|x86.ActiveCfg = Release|Win32
		{EEEA2173-4CE3-4759-9F0A-15177350731B}.Release|x86.Build.0 = Release|Win32
	EndGlobalSection
	GlobalSection(SolutionProperties) = preSolution
		HideSolutionNode = FALSE
	EndGlobalSection
	GlobalSection(ExtensibilityGlobals) = postSolution
		SolutionGuid = {9C7E96B2-5375-4FB9-A73A-4B2178595C92}
	EndGlobalSection
EndGlobal
