
Microsoft Visual Studio Solution File, Format Version 12.00
# Visual Studio Version 17
VisualStudioVersion = 17.14.36414.22 d17.14
MinimumVisualStudioVersion = 10.0.40219.1
Project("{8BC9CEB8-8B4A-11D0-8D11-00A0C91BC942}") = "250910", "250910\250910.vcxproj", "{5DCB7B3D-2C7A-4C94-93EF-3A7F18A7F422}"
EndProject
Global
	GlobalSection(SolutionConfigurationPlatforms) = preSolution
		Debug|x64 = Debug|x64
		Debug|x86 = Debug|x86
		Release|x64 = Release|x64
		Release|x86 = Release|x86
	EndGlobalSection
	GlobalSection(ProjectConfigurationPlatforms) = postSolution
		{5DCB7B3D-2C7A-4C94-93EF-3A7F18A7F422}.Debug|x64.ActiveCfg = Debug|x64
		{5DCB7B3D-2C7A-4C94-93EF-3A7F18A7F422}.Debug|x64.Build.0 = Debug|x64
		{5DCB7B3D-2C7A-4C94-93EF-3A7F18A7F422}.Debug|x86.ActiveCfg = Debug|Win32
		{5DCB7B3D-2C7A-4C94-93EF-3A7F18A7F422}.Debug|x86.Build.0 = Debug|Win32
		{5DCB7B3D-2C7A-4C94-93EF-3A7F18A7F422}.Release|x64.ActiveCfg = Release|x64
		{5DCB7B3D-2C7A-4C94-93EF-3A7F18A7F422}.Release|x64.Build.0 = Release|x64
		{5DCB7B3D-2C7A-4C94-93EF-3A7F18A7F422}.Release|x86.ActiveCfg = Release|Win32
		{5DCB7B3D-2C7A-4C94-93EF-3A7F18A7F422}.Release|x86.Build.0 = Release|Win32
	EndGlobalSection
	GlobalSection(SolutionProperties) = preSolution
		HideSolutionNode = FALSE
	EndGlobalSection
	GlobalSection(ExtensibilityGlobals) = postSolution
		SolutionGuid = {9B8EB36D-713E-46D0-A98D-61B3249131DC}
	EndGlobalSection
EndGlobal
